// !$*UTF8*$!
{
	archiveVersion = 1;
	classes = {
	};
	objectVersion = 46;
	objects = {

/* Begin PBXBuildFile section */
		AA27DC9F1E4277EE009005E1 /* AsyncData.swift in Sources */ = {isa = PBXBuildFile; fileRef = AA27DC9E1E4277EE009005E1 /* AsyncData.swift */; };
		AA27DCA31E427BEC009005E1 /* books_readable.json in Resources */ = {isa = PBXBuildFile; fileRef = AA27DCA21E427BEC009005E1 /* books_readable.json */; };
		AA8164B21E356B530099915A /* AppDelegate.swift in Sources */ = {isa = PBXBuildFile; fileRef = AA8164B11E356B530099915A /* AppDelegate.swift */; };
		AA8164B41E356B530099915A /* ViewController.swift in Sources */ = {isa = PBXBuildFile; fileRef = AA8164B31E356B530099915A /* ViewController.swift */; };
		AA8164B71E356B530099915A /* Main.storyboard in Resources */ = {isa = PBXBuildFile; fileRef = AA8164B51E356B530099915A /* Main.storyboard */; };
		AA8164B91E356B530099915A /* Assets.xcassets in Resources */ = {isa = PBXBuildFile; fileRef = AA8164B81E356B530099915A /* Assets.xcassets */; };
		AA8164BC1E356B530099915A /* LaunchScreen.storyboard in Resources */ = {isa = PBXBuildFile; fileRef = AA8164BA1E356B530099915A /* LaunchScreen.storyboard */; };
		AA8164C61E3572030099915A /* Book.swift in Sources */ = {isa = PBXBuildFile; fileRef = AA8164C51E3572030099915A /* Book.swift */; };
		AA8164C81E3579CC0099915A /* book_icon.png in Resources */ = {isa = PBXBuildFile; fileRef = AA8164C71E3579CC0099915A /* book_icon.png */; };
/* End PBXBuildFile section */

/* Begin PBXFileReference section */
		AA27DC9E1E4277EE009005E1 /* AsyncData.swift */ = {isa = PBXFileReference; fileEncoding = 4; lastKnownFileType = sourcecode.swift; path = AsyncData.swift; sourceTree = "<group>"; };
		AA27DCA21E427BEC009005E1 /* books_readable.json */ = {isa = PBXFileReference; fileEncoding = 4; lastKnownFileType = text.json; path = books_readable.json; sourceTree = "<group>"; };
		AA8164AE1E356B530099915A /* HackerBooks.app */ = {isa = PBXFileReference; explicitFileType = wrapper.application; includeInIndex = 0; path = HackerBooks.app; sourceTree = BUILT_PRODUCTS_DIR; };
		AA8164B11E356B530099915A /* AppDelegate.swift */ = {isa = PBXFileReference; lastKnownFileType = sourcecode.swift; path = AppDelegate.swift; sourceTree = "<group>"; };
		AA8164B31E356B530099915A /* ViewController.swift */ = {isa = PBXFileReference; lastKnownFileType = sourcecode.swift; path = ViewController.swift; sourceTree = "<group>"; };
		AA8164B61E356B530099915A /* Base */ = {isa = PBXFileReference; lastKnownFileType = file.storyboard; name = Base; path = Base.lproj/Main.storyboard; sourceTree = "<group>"; };
		AA8164B81E356B530099915A /* Assets.xcassets */ = {isa = PBXFileReference; lastKnownFileType = folder.assetcatalog; path = Assets.xcassets; sourceTree = "<group>"; };
		AA8164BB1E356B530099915A /* Base */ = {isa = PBXFileReference; lastKnownFileType = file.storyboard; name = Base; path = Base.lproj/LaunchScreen.storyboard; sourceTree = "<group>"; };
		AA8164BD1E356B530099915A /* Info.plist */ = {isa = PBXFileReference; lastKnownFileType = text.plist.xml; path = Info.plist; sourceTree = "<group>"; };
		AA8164C51E3572030099915A /* Book.swift */ = {isa = PBXFileReference; fileEncoding = 4; lastKnownFileType = sourcecode.swift; path = Book.swift; sourceTree = "<group>"; };
		AA8164C71E3579CC0099915A /* book_icon.png */ = {isa = PBXFileReference; lastKnownFileType = image.png; path = book_icon.png; sourceTree = "<group>"; };
/* End PBXFileReference section */

/* Begin PBXFrameworksBuildPhase section */
		AA8164AB1E356B530099915A /* Frameworks */ = {
			isa = PBXFrameworksBuildPhase;
			buildActionMask = 2147483647;
			files = (
			);
			runOnlyForDeploymentPostprocessing = 0;
		};
/* End PBXFrameworksBuildPhase section */

/* Begin PBXGroup section */
		AA8164A51E356B530099915A = {
			isa = PBXGroup;
			children = (
				AA8164B01E356B530099915A /* HackerBooks */,
				AA8164AF1E356B530099915A /* Products */,
			);
			sourceTree = "<group>";
		};
		AA8164AF1E356B530099915A /* Products */ = {
			isa = PBXGroup;
			children = (
				AA8164AE1E356B530099915A /* HackerBooks.app */,
			);
			name = Products;
			sourceTree = "<group>";
		};
		AA8164B01E356B530099915A /* HackerBooks */ = {
			isa = PBXGroup;
			children = (
				AA8164CA1E35D1D50099915A /* Frameworks */,
				AA8164C31E3571DD0099915A /* App */,
			);
			path = HackerBooks;
			sourceTree = "<group>";
		};
		AA8164C31E3571DD0099915A /* App */ = {
			isa = PBXGroup;
			children = (
				AA8164C91E3579D10099915A /* Resources */,
				AA8164C41E3571E70099915A /* Models */,
				AA8164B11E356B530099915A /* AppDelegate.swift */,
				AA8164B31E356B530099915A /* ViewController.swift */,
				AA8164B51E356B530099915A /* Main.storyboard */,
				AA8164B81E356B530099915A /* Assets.xcassets */,
				AA8164BA1E356B530099915A /* LaunchScreen.storyboard */,
				AA8164BD1E356B530099915A /* Info.plist */,
			);
			name = App;
			sourceTree = "<group>";
		};
		AA8164C41E3571E70099915A /* Models */ = {
			isa = PBXGroup;
			children = (
				AA8164C51E3572030099915A /* Book.swift */,
			);
			name = Models;
			sourceTree = "<group>";
		};
		AA8164C91E3579D10099915A /* Resources */ = {
			isa = PBXGroup;
			children = (
				AA27DCA21E427BEC009005E1 /* books_readable.json */,
				AA8164C71E3579CC0099915A /* book_icon.png */,
			);
			name = Resources;
			sourceTree = "<group>";
		};
		AA8164CA1E35D1D50099915A /* Frameworks */ = {
			isa = PBXGroup;
			children = (
				AA27DC9E1E4277EE009005E1 /* AsyncData.swift */,
			);
			name = Frameworks;
			sourceTree = "<group>";
		};
/* End PBXGroup section */

/* Begin PBXNativeTarget section */
		AA8164AD1E356B530099915A /* HackerBooks */ = {
			isa = PBXNativeTarget;
			buildConfigurationList = AA8164C01E356B530099915A /* Build configuration list for PBXNativeTarget "HackerBooks" */;
			buildPhases = (
				AA8164AA1E356B530099915A /* Sources */,
				AA8164AB1E356B530099915A /* Frameworks */,
				AA8164AC1E356B530099915A /* Resources */,
			);
			buildRules = (
			);
			dependencies = (
			);
			name = HackerBooks;
			productName = HackerBooks;
			productReference = AA8164AE1E356B530099915A /* HackerBooks.app */;
			productType = "com.apple.product-type.application";
		};
/* End PBXNativeTarget section */

/* Begin PBXProject section */
		AA8164A61E356B530099915A /* Project object */ = {
			isa = PBXProject;
			attributes = {
				LastSwiftUpdateCheck = 0820;
				LastUpgradeCheck = 0820;
				ORGANIZATIONNAME = "Daniel Ruiz";
				TargetAttributes = {
					AA8164AD1E356B530099915A = {
						CreatedOnToolsVersion = 8.2.1;
						DevelopmentTeam = 5QSHG3473C;
						ProvisioningStyle = Automatic;
					};
				};
			};
			buildConfigurationList = AA8164A91E356B530099915A /* Build configuration list for PBXProject "HackerBooks" */;
			compatibilityVersion = "Xcode 3.2";
			developmentRegion = English;
			hasScannedForEncodings = 0;
			knownRegions = (
				en,
				Base,
			);
			mainGroup = AA8164A51E356B530099915A;
			productRefGroup = AA8164AF1E356B530099915A /* Products */;
			projectDirPath = "";
			projectRoot = "";
			targets = (
				AA8164AD1E356B530099915A /* HackerBooks */,
			);
		};
/* End PBXProject section */

/* Begin PBXResourcesBuildPhase section */
		AA8164AC1E356B530099915A /* Resources */ = {
			isa = PBXResourcesBuildPhase;
			buildActionMask = 2147483647;
			files = (
				AA27DCA31E427BEC009005E1 /* books_readable.json in Resources */,
				AA8164BC1E356B530099915A /* LaunchScreen.storyboard in Resources */,
				AA8164B91E356B530099915A /* Assets.xcassets in Resources */,
				AA8164B71E356B530099915A /* Main.storyboard in Resources */,
				AA8164C81E3579CC0099915A /* book_icon.png in Resources */,
			);
			runOnlyForDeploymentPostprocessing = 0;
		};
/* End PBXResourcesBuildPhase section */

/* Begin PBXSourcesBuildPhase section */
		AA8164AA1E356B530099915A /* Sources */ = {
			isa = PBXSourcesBuildPhase;
			buildActionMask = 2147483647;
			files = (
				AA8164B41E356B530099915A /* ViewController.swift in Sources */,
				AA27DC9F1E4277EE009005E1 /* AsyncData.swift in Sources */,
				AA8164B21E356B530099915A /* AppDelegate.swift in Sources */,
				AA8164C61E3572030099915A /* Book.swift in Sources */,
			);
			runOnlyForDeploymentPostprocessing = 0;
		};
/* End PBXSourcesBuildPhase section */

/* Begin PBXVariantGroup section */
		AA8164B51E356B530099915A /* Main.storyboard */ = {
			isa = PBXVariantGroup;
			children = (
				AA8164B61E356B530099915A /* Base */,
			);
			name = Main.storyboard;
			sourceTree = "<group>";
		};
		AA8164BA1E356B530099915A /* LaunchScreen.storyboard */ = {
			isa = PBXVariantGroup;
			children = (
				AA8164BB1E356B530099915A /* Base */,
			);
			name = LaunchScreen.storyboard;
			sourceTree = "<group>";
		};
/* End PBXVariantGroup section */

/* Begin XCBuildConfiguration section */
		AA8164BE1E356B530099915A /* Debug */ = {
			isa = XCBuildConfiguration;
			buildSettings = {
				ALWAYS_SEARCH_USER_PATHS = NO;
				CLANG_ANALYZER_NONNULL = YES;
				CLANG_CXX_LANGUAGE_STANDARD = "gnu++0x";
				CLANG_CXX_LIBRARY = "libc++";
				CLANG_ENABLE_MODULES = YES;
				CLANG_ENABLE_OBJC_ARC = YES;
				CLANG_WARN_BOOL_CONVERSION = YES;
				CLANG_WARN_CONSTANT_CONVERSION = YES;
				CLANG_WARN_DIRECT_OBJC_ISA_USAGE = YES_ERROR;
				CLANG_WARN_DOCUMENTATION_COMMENTS = YES;
				CLANG_WARN_EMPTY_BODY = YES;
				CLANG_WARN_ENUM_CONVERSION = YES;
				CLANG_WARN_INFINITE_RECURSION = YES;
				CLANG_WARN_INT_CONVERSION = YES;
				CLANG_WARN_OBJC_ROOT_CLASS = YES_ERROR;
				CLANG_WARN_SUSPICIOUS_MOVE = YES;
				CLANG_WARN_UNREACHABLE_CODE = YES;
				CLANG_WARN__DUPLICATE_METHOD_MATCH = YES;
				"CODE_SIGN_IDENTITY[sdk=iphoneos*]" = "iPhone Developer";
				COPY_PHASE_STRIP = NO;
				DEBUG_INFORMATION_FORMAT = dwarf;
				ENABLE_STRICT_OBJC_MSGSEND = YES;
				ENABLE_TESTABILITY = YES;
				GCC_C_LANGUAGE_STANDARD = gnu99;
				GCC_DYNAMIC_NO_PIC = NO;
				GCC_NO_COMMON_BLOCKS = YES;
				GCC_OPTIMIZATION_LEVEL = 0;
				GCC_PREPROCESSOR_DEFINITIONS = (
					"DEBUG=1",
					"$(inherited)",
				);
				GCC_WARN_64_TO_32_BIT_CONVERSION = YES;
				GCC_WARN_ABOUT_RETURN_TYPE = YES_ERROR;
				GCC_WARN_UNDECLARED_SELECTOR = YES;
				GCC_WARN_UNINITIALIZED_AUTOS = YES_AGGRESSIVE;
				GCC_WARN_UNUSED_FUNCTION = YES;
				GCC_WARN_UNUSED_VARIABLE = YES;
				IPHONEOS_DEPLOYMENT_TARGET = 10.2;
				MTL_ENABLE_DEBUG_INFO = YES;
				ONLY_ACTIVE_ARCH = YES;
				SDKROOT = iphoneos;
				SWIFT_ACTIVE_COMPILATION_CONDITIONS = DEBUG;
				SWIFT_OPTIMIZATION_LEVEL = "-Onone";
				TARGETED_DEVICE_FAMILY = "1,2";
			};
			name = Debug;
		};
		AA8164BF1E356B530099915A /* Release */ = {
			isa = XCBuildConfiguration;
			buildSettings = {
				ALWAYS_SEARCH_USER_PATHS = NO;
				CLANG_ANALYZER_NONNULL = YES;
				CLANG_CXX_LANGUAGE_STANDARD = "gnu++0x";
				CLANG_CXX_LIBRARY = "libc++";
				CLANG_ENABLE_MODULES = YES;
				CLANG_ENABLE_OBJC_ARC = YES;
				CLANG_WARN_BOOL_CONVERSION = YES;
				CLANG_WARN_CONSTANT_CONVERSION = YES;
				CLANG_WARN_DIRECT_OBJC_ISA_USAGE = YES_ERROR;
				CLANG_WARN_DOCUMENTATION_COMMENTS = YES;
				CLANG_WARN_EMPTY_BODY = YES;
				CLANG_WARN_ENUM_CONVERSION = YES;
				CLANG_WARN_INFINITE_RECURSION = YES;
				CLANG_WARN_INT_CONVERSION = YES;
				CLANG_WARN_OBJC_ROOT_CLASS = YES_ERROR;
				CLANG_WARN_SUSPICIOUS_MOVE = YES;
				CLANG_WARN_UNREACHABLE_CODE = YES;
				CLANG_WARN__DUPLICATE_METHOD_MATCH = YES;
				"CODE_SIGN_IDENTITY[sdk=iphoneos*]" = "iPhone Developer";
				COPY_PHASE_STRIP = NO;
				DEBUG_INFORMATION_FORMAT = "dwarf-with-dsym";
				ENABLE_NS_ASSERTIONS = NO;
				ENABLE_STRICT_OBJC_MSGSEND = YES;
				GCC_C_LANGUAGE_STANDARD = gnu99;
				GCC_NO_COMMON_BLOCKS = YES;
				GCC_WARN_64_TO_32_BIT_CONVERSION = YES;
				GCC_WARN_ABOUT_RETURN_TYPE = YES_ERROR;
				GCC_WARN_UNDECLARED_SELECTOR = YES;
				GCC_WARN_UNINITIALIZED_AUTOS = YES_AGGRESSIVE;
				GCC_WARN_UNUSED_FUNCTION = YES;
				GCC_WARN_UNUSED_VARIABLE = YES;
				IPHONEOS_DEPLOYMENT_TARGET = 10.2;
				MTL_ENABLE_DEBUG_INFO = NO;
				SDKROOT = iphoneos;
				SWIFT_OPTIMIZATION_LEVEL = "-Owholemodule";
				TARGETED_DEVICE_FAMILY = "1,2";
				VALIDATE_PRODUCT = YES;
			};
			name = Release;
		};
		AA8164C11E356B530099915A /* Debug */ = {
			isa = XCBuildConfiguration;
			buildSettings = {
				ASSETCATALOG_COMPILER_APPICON_NAME = AppIcon;
				DEVELOPMENT_TEAM = 5QSHG3473C;
				INFOPLIST_FILE = HackerBooks/Info.plist;
				LD_RUNPATH_SEARCH_PATHS = "$(inherited) @executable_path/Frameworks";
				PRODUCT_BUNDLE_IDENTIFIER = com.danielruiz.HackerBooks;
				PRODUCT_NAME = "$(TARGET_NAME)";
				SWIFT_VERSION = 3.0;
			};
			name = Debug;
		};
		AA8164C21E356B530099915A /* Release */ = {
			isa = XCBuildConfiguration;
			buildSettings = {
				ASSETCATALOG_COMPILER_APPICON_NAME = AppIcon;
				DEVELOPMENT_TEAM = 5QSHG3473C;
				INFOPLIST_FILE = HackerBooks/Info.plist;
				LD_RUNPATH_SEARCH_PATHS = "$(inherited) @executable_path/Frameworks";
				PRODUCT_BUNDLE_IDENTIFIER = com.danielruiz.HackerBooks;
				PRODUCT_NAME = "$(TARGET_NAME)";
				SWIFT_VERSION = 3.0;
			};
			name = Release;
		};
/* End XCBuildConfiguration section */

/* Begin XCConfigurationList section */
		AA8164A91E356B530099915A /* Build configuration list for PBXProject "HackerBooks" */ = {
			isa = XCConfigurationList;
			buildConfigurations = (
				AA8164BE1E356B530099915A /* Debug */,
				AA8164BF1E356B530099915A /* Release */,
			);
			defaultConfigurationIsVisible = 0;
			defaultConfigurationName = Release;
		};
		AA8164C01E356B530099915A /* Build configuration list for PBXNativeTarget "HackerBooks" */ = {
			isa = XCConfigurationList;
			buildConfigurations = (
				AA8164C11E356B530099915A /* Debug */,
				AA8164C21E356B530099915A /* Release */,
			);
			defaultConfigurationIsVisible = 0;
			defaultConfigurationName = Release;
		};
/* End XCConfigurationList section */
	};
	rootObject = AA8164A61E356B530099915A /* Project object */;
}
